
Microsoft Visual Studio Solution File, Format Version 12.00
# Visual Studio 15
VisualStudioVersion = 15.0.28307.852
MinimumVisualStudioVersion = 10.0.40219.1
Project("{FAE04EC0-301F-11D3-BF4B-00C04F79EFBC}") = "GroupBy", "Facebook\GroupBy.csproj", "{FCC972A7-536C-45FC-BD75-D368A1B20D1E}"
EndProject
Global
	GlobalSection(SolutionConfigurationPlatforms) = preSolution
		Debug|Any CPU = Debug|Any CPU
		Release|Any CPU = Release|Any CPU
	EndGlobalSection
	GlobalSection(ProjectConfigurationPlatforms) = postSolution
		{FCC972A7-536C-45FC-BD75-D368A1B20D1E}.Debug|Any CPU.ActiveCfg = Debug|Any CPU
		{FCC972A7-536C-45FC-BD75-D368A1B20D1E}.Debug|Any CPU.Build.0 = Debug|Any CPU
		{FCC972A7-536C-45FC-BD75-D368A1B20D1E}.Release|Any CPU.ActiveCfg = Release|Any CPU
		{FCC972A7-536C-45FC-BD75-D368A1B20D1E}.Release|Any CPU.Build.0 = Release|Any CPU
	EndGlobalSection
	GlobalSection(SolutionProperties) = preSolution
		HideSolutionNode = FALSE
	EndGlobalSection
	GlobalSection(ExtensibilityGlobals) = postSolution
		SolutionGuid = {0175DE76-8836-4CCF-B280-D568ACA8A5E7}
	EndGlobalSection
EndGlobal
